
Microsoft Visual Studio Solution File, Format Version 12.00
# Visual Studio 15
VisualStudioVersion = 15.0.28010.2019
MinimumVisualStudioVersion = 10.0.40219.1
Project("{FAE04EC0-301F-11D3-BF4B-00C04F79EFBC}") = "TCP Server", "TCP Server\TCP Server.csproj", "{DF483FCD-F546-45EC-8829-7E677FA84074}"
EndProject
Project("{FAE04EC0-301F-11D3-BF4B-00C04F79EFBC}") = "TCPClient", "TCPClient\TCPClient.csproj", "{8FDFC9CB-6755-47AE-A9EC-4866EF56AC21}"
EndProject
Global
	GlobalSection(SolutionConfigurationPlatforms) = preSolution
		Debug|Any CPU = Debug|Any CPU
		Release|Any CPU = Release|Any CPU
	EndGlobalSection
	GlobalSection(ProjectConfigurationPlatforms) = postSolution
		{DF483FCD-F546-45EC-8829-7E677FA84074}.Debug|Any CPU.ActiveCfg = Debug|Any CPU
		{DF483FCD-F546-45EC-8829-7E677FA84074}.Debug|Any CPU.Build.0 = Debug|Any CPU
		{DF483FCD-F546-45EC-8829-7E677FA84074}.Release|Any CPU.ActiveCfg = Release|Any CPU
		{DF483FCD-F546-45EC-8829-7E677FA84074}.Release|Any CPU.Build.0 = Release|Any CPU
		{8FDFC9CB-6755-47AE-A9EC-4866EF56AC21}.Debug|Any CPU.ActiveCfg = Debug|Any CPU
		{8FDFC9CB-6755-47AE-A9EC-4866EF56AC21}.Debug|Any CPU.Build.0 = Debug|Any CPU
		{8FDFC9CB-6755-47AE-A9EC-4866EF56AC21}.Release|Any CPU.ActiveCfg = Release|Any CPU
		{8FDFC9CB-6755-47AE-A9EC-4866EF56AC21}.Release|Any CPU.Build.0 = Release|Any CPU
	EndGlobalSection
	GlobalSection(SolutionProperties) = preSolution
		HideSolutionNode = FALSE
	EndGlobalSection
	GlobalSection(ExtensibilityGlobals) = postSolution
		SolutionGuid = {654EEADD-7AAB-4979-9DB4-4508166CCF0E}
	EndGlobalSection
EndGlobal
